{
  "object": {
    "pins": [
      {
        "package": "SwiftCLI",
        "repositoryURL": "https://github.com/jakeheis/SwiftCLI",
        "state": {
          "branch": null,
          "revision": "df4d5b3ec2c1421a58d71010ff43528db5b19e04",
          "version": "5.3.3"
        }
      }
    ]
  },
  "version": 1
}
