// !$*UTF8*$!
{
	archiveVersion = 1;
	classes = {
	};
	objectVersion = 52;
	objects = {

/* Begin PBXBuildFile section */
		93BAA781296373FB00815D59 /* Alloy in Frameworks */ = {isa = PBXBuildFile; productRef = 93BAA780296373FB00815D59 /* Alloy */; };
		93BAA7832963774500815D59 /* Info.plist in Resources */ = {isa = PBXBuildFile; fileRef = 93BAA7822963774500815D59 /* Info.plist */; };
		A225ECFE24A4D40000E352C9 /* AppDelegate.swift in Sources */ = {isa = PBXBuildFile; fileRef = A225ECFD24A4D40000E352C9 /* AppDelegate.swift */; };
		A225ED0024A4D40000E352C9 /* ViewController.swift in Sources */ = {isa = PBXBuildFile; fileRef = A225ECFF24A4D40000E352C9 /* ViewController.swift */; };
		A225ED0224A4D40400E352C9 /* Assets.xcassets in Resources */ = {isa = PBXBuildFile; fileRef = A225ED0124A4D40400E352C9 /* Assets.xcassets */; };
		A225ED0524A4D40400E352C9 /* Main.storyboard in Resources */ = {isa = PBXBuildFile; fileRef = A225ED0324A4D40400E352C9 /* Main.storyboard */; };
		A225ED0E24A4D44C00E352C9 /* Shaders.metal in Sources */ = {isa = PBXBuildFile; fileRef = A225ED0D24A4D44C00E352C9 /* Shaders.metal */; };
		A225ED1024A4D46D00E352C9 /* Shaders.metal.swift in Sources */ = {isa = PBXBuildFile; fileRef = A225ED0F24A4D46D00E352C9 /* Shaders.metal.swift */; };
		A225ED1224A4E7A900E352C9 /* TextureProcessor.swift in Sources */ = {isa = PBXBuildFile; fileRef = A225ED1124A4E7A900E352C9 /* TextureProcessor.swift */; };
/* End PBXBuildFile section */

/* Begin PBXFileReference section */
		93BAA7822963774500815D59 /* Info.plist */ = {isa = PBXFileReference; lastKnownFileType = text.plist.xml; path = Info.plist; sourceTree = "<group>"; };
		A225ECFA24A4D40000E352C9 /* Demo.app */ = {isa = PBXFileReference; explicitFileType = wrapper.application; includeInIndex = 0; path = Demo.app; sourceTree = BUILT_PRODUCTS_DIR; };
		A225ECFD24A4D40000E352C9 /* AppDelegate.swift */ = {isa = PBXFileReference; lastKnownFileType = sourcecode.swift; path = AppDelegate.swift; sourceTree = "<group>"; };
		A225ECFF24A4D40000E352C9 /* ViewController.swift */ = {isa = PBXFileReference; lastKnownFileType = sourcecode.swift; path = ViewController.swift; sourceTree = "<group>"; };
		A225ED0124A4D40400E352C9 /* Assets.xcassets */ = {isa = PBXFileReference; lastKnownFileType = folder.assetcatalog; path = Assets.xcassets; sourceTree = "<group>"; };
		A225ED0424A4D40400E352C9 /* Base */ = {isa = PBXFileReference; lastKnownFileType = file.storyboard; name = Base; path = Base.lproj/Main.storyboard; sourceTree = "<group>"; };
		A225ED0724A4D40400E352C9 /* Demo.entitlements */ = {isa = PBXFileReference; lastKnownFileType = text.plist.entitlements; path = Demo.entitlements; sourceTree = "<group>"; };
		A225ED0D24A4D44C00E352C9 /* Shaders.metal */ = {isa = PBXFileReference; lastKnownFileType = sourcecode.metal; path = Shaders.metal; sourceTree = "<group>"; };
		A225ED0F24A4D46D00E352C9 /* Shaders.metal.swift */ = {isa = PBXFileReference; fileEncoding = 4; lastKnownFileType = sourcecode.swift; path = Shaders.metal.swift; sourceTree = "<group>"; };
		A225ED1124A4E7A900E352C9 /* TextureProcessor.swift */ = {isa = PBXFileReference; lastKnownFileType = sourcecode.swift; path = TextureProcessor.swift; sourceTree = "<group>"; };
/* End PBXFileReference section */

/* Begin PBXFrameworksBuildPhase section */
		A225ECF724A4D40000E352C9 /* Frameworks */ = {
			isa = PBXFrameworksBuildPhase;
			buildActionMask = 2147483647;
			files = (
				93BAA781296373FB00815D59 /* Alloy in Frameworks */,
			);
			runOnlyForDeploymentPostprocessing = 0;
		};
/* End PBXFrameworksBuildPhase section */

/* Begin PBXGroup section */
		08CF95B3DEFF52EEED03A9D9 /* Frameworks */ = {
			isa = PBXGroup;
			children = (
			);
			name = Frameworks;
			sourceTree = "<group>";
		};
		A225ECF124A4D40000E352C9 = {
			isa = PBXGroup;
			children = (
				A225ECFC24A4D40000E352C9 /* Demo */,
				A225ECFB24A4D40000E352C9 /* Products */,
				08CF95B3DEFF52EEED03A9D9 /* Frameworks */,
			);
			sourceTree = "<group>";
		};
		A225ECFB24A4D40000E352C9 /* Products */ = {
			isa = PBXGroup;
			children = (
				A225ECFA24A4D40000E352C9 /* Demo.app */,
			);
			name = Products;
			sourceTree = "<group>";
		};
		A225ECFC24A4D40000E352C9 /* Demo */ = {
			isa = PBXGroup;
			children = (
				A225ED0F24A4D46D00E352C9 /* Shaders.metal.swift */,
				A225ECFD24A4D40000E352C9 /* AppDelegate.swift */,
				A225ECFF24A4D40000E352C9 /* ViewController.swift */,
				A225ED0124A4D40400E352C9 /* Assets.xcassets */,
				A225ED0324A4D40400E352C9 /* Main.storyboard */,
				A225ED0724A4D40400E352C9 /* Demo.entitlements */,
				A225ED0D24A4D44C00E352C9 /* Shaders.metal */,
				A225ED1124A4E7A900E352C9 /* TextureProcessor.swift */,
				93BAA7822963774500815D59 /* Info.plist */,
			);
			path = Demo;
			sourceTree = "<group>";
		};
/* End PBXGroup section */

/* Begin PBXNativeTarget section */
		A225ECF924A4D40000E352C9 /* Demo */ = {
			isa = PBXNativeTarget;
			buildConfigurationList = A225ED0A24A4D40400E352C9 /* Build configuration list for PBXNativeTarget "Demo" */;
			buildPhases = (
				A225ECF624A4D40000E352C9 /* Sources */,
				A225ECF724A4D40000E352C9 /* Frameworks */,
				A225ECF824A4D40000E352C9 /* Resources */,
			);
			buildRules = (
			);
			dependencies = (
			);
			name = Demo;
			packageProductDependencies = (
				93BAA780296373FB00815D59 /* Alloy */,
			);
			productName = Demo;
			productReference = A225ECFA24A4D40000E352C9 /* Demo.app */;
			productType = "com.apple.product-type.application";
		};
/* End PBXNativeTarget section */

/* Begin PBXProject section */
		A225ECF224A4D40000E352C9 /* Project object */ = {
			isa = PBXProject;
			attributes = {
				LastSwiftUpdateCheck = 1140;
				LastUpgradeCheck = 1140;
				ORGANIZATIONNAME = "Andrey Volodin";
				TargetAttributes = {
					A225ECF924A4D40000E352C9 = {
						CreatedOnToolsVersion = 11.4;
					};
				};
			};
			buildConfigurationList = A225ECF524A4D40000E352C9 /* Build configuration list for PBXProject "Demo" */;
			compatibilityVersion = "Xcode 9.3";
			developmentRegion = en;
			hasScannedForEncodings = 0;
			knownRegions = (
				en,
				Base,
			);
			mainGroup = A225ECF124A4D40000E352C9;
			packageReferences = (
				93BAA77F296373FB00815D59 /* XCRemoteSwiftPackageReference "Alloy" */,
			);
			productRefGroup = A225ECFB24A4D40000E352C9 /* Products */;
			projectDirPath = "";
			projectRoot = "";
			targets = (
				A225ECF924A4D40000E352C9 /* Demo */,
			);
		};
/* End PBXProject section */

/* Begin PBXResourcesBuildPhase section */
		A225ECF824A4D40000E352C9 /* Resources */ = {
			isa = PBXResourcesBuildPhase;
			buildActionMask = 2147483647;
			files = (
				A225ED0224A4D40400E352C9 /* Assets.xcassets in Resources */,
				A225ED0524A4D40400E352C9 /* Main.storyboard in Resources */,
				93BAA7832963774500815D59 /* Info.plist in Resources */,
			);
			runOnlyForDeploymentPostprocessing = 0;
		};
/* End PBXResourcesBuildPhase section */

/* Begin PBXSourcesBuildPhase section */
		A225ECF624A4D40000E352C9 /* Sources */ = {
			isa = PBXSourcesBuildPhase;
			buildActionMask = 2147483647;
			files = (
				A225ED0E24A4D44C00E352C9 /* Shaders.metal in Sources */,
				A225ED1024A4D46D00E352C9 /* Shaders.metal.swift in Sources */,
				A225ED0024A4D40000E352C9 /* ViewController.swift in Sources */,
				A225ED1224A4E7A900E352C9 /* TextureProcessor.swift in Sources */,
				A225ECFE24A4D40000E352C9 /* AppDelegate.swift in Sources */,
			);
			runOnlyForDeploymentPostprocessing = 0;
		};
/* End PBXSourcesBuildPhase section */

/* Begin PBXVariantGroup section */
		A225ED0324A4D40400E352C9 /* Main.storyboard */ = {
			isa = PBXVariantGroup;
			children = (
				A225ED0424A4D40400E352C9 /* Base */,
			);
			name = Main.storyboard;
			sourceTree = "<group>";
		};
/* End PBXVariantGroup section */

/* Begin XCBuildConfiguration section */
		A225ED0824A4D40400E352C9 /* Debug */ = {
			isa = XCBuildConfiguration;
			buildSettings = {
				ALWAYS_SEARCH_USER_PATHS = NO;
				CLANG_ANALYZER_NONNULL = YES;
				CLANG_ANALYZER_NUMBER_OBJECT_CONVERSION = YES_AGGRESSIVE;
				CLANG_CXX_LANGUAGE_STANDARD = "gnu++14";
				CLANG_CXX_LIBRARY = "libc++";
				CLANG_ENABLE_MODULES = YES;
				CLANG_ENABLE_OBJC_ARC = YES;
				CLANG_ENABLE_OBJC_WEAK = YES;
				CLANG_WARN_BLOCK_CAPTURE_AUTORELEASING = YES;
				CLANG_WARN_BOOL_CONVERSION = YES;
				CLANG_WARN_COMMA = YES;
				CLANG_WARN_CONSTANT_CONVERSION = YES;
				CLANG_WARN_DEPRECATED_OBJC_IMPLEMENTATIONS = YES;
				CLANG_WARN_DIRECT_OBJC_ISA_USAGE = YES_ERROR;
				CLANG_WARN_DOCUMENTATION_COMMENTS = YES;
				CLANG_WARN_EMPTY_BODY = YES;
				CLANG_WARN_ENUM_CONVERSION = YES;
				CLANG_WARN_INFINITE_RECURSION = YES;
				CLANG_WARN_INT_CONVERSION = YES;
				CLANG_WARN_NON_LITERAL_NULL_CONVERSION = YES;
				CLANG_WARN_OBJC_IMPLICIT_RETAIN_SELF = YES;
				CLANG_WARN_OBJC_LITERAL_CONVERSION = YES;
				CLANG_WARN_OBJC_ROOT_CLASS = YES_ERROR;
				CLANG_WARN_RANGE_LOOP_ANALYSIS = YES;
				CLANG_WARN_STRICT_PROTOTYPES = YES;
				CLANG_WARN_SUSPICIOUS_MOVE = YES;
				CLANG_WARN_UNGUARDED_AVAILABILITY = YES_AGGRESSIVE;
				CLANG_WARN_UNREACHABLE_CODE = YES;
				CLANG_WARN__DUPLICATE_METHOD_MATCH = YES;
				COPY_PHASE_STRIP = NO;
				DEBUG_INFORMATION_FORMAT = dwarf;
				ENABLE_STRICT_OBJC_MSGSEND = YES;
				ENABLE_TESTABILITY = YES;
				GCC_C_LANGUAGE_STANDARD = gnu11;
				GCC_DYNAMIC_NO_PIC = NO;
				GCC_NO_COMMON_BLOCKS = YES;
				GCC_OPTIMIZATION_LEVEL = 0;
				GCC_PREPROCESSOR_DEFINITIONS = (
					"DEBUG=1",
					"$(inherited)",
				);
				GCC_WARN_64_TO_32_BIT_CONVERSION = YES;
				GCC_WARN_ABOUT_RETURN_TYPE = YES_ERROR;
				GCC_WARN_UNDECLARED_SELECTOR = YES;
				GCC_WARN_UNINITIALIZED_AUTOS = YES_AGGRESSIVE;
				GCC_WARN_UNUSED_FUNCTION = YES;
				GCC_WARN_UNUSED_VARIABLE = YES;
				MACOSX_DEPLOYMENT_TARGET = 10.15;
				MTL_ENABLE_DEBUG_INFO = INCLUDE_SOURCE;
				MTL_FAST_MATH = YES;
				ONLY_ACTIVE_ARCH = YES;
				SDKROOT = macosx;
				SWIFT_ACTIVE_COMPILATION_CONDITIONS = DEBUG;
				SWIFT_OPTIMIZATION_LEVEL = "-Onone";
			};
			name = Debug;
		};
		A225ED0924A4D40400E352C9 /* Release */ = {
			isa = XCBuildConfiguration;
			buildSettings = {
				ALWAYS_SEARCH_USER_PATHS = NO;
				CLANG_ANALYZER_NONNULL = YES;
				CLANG_ANALYZER_NUMBER_OBJECT_CONVERSION = YES_AGGRESSIVE;
				CLANG_CXX_LANGUAGE_STANDARD = "gnu++14";
				CLANG_CXX_LIBRARY = "libc++";
				CLANG_ENABLE_MODULES = YES;
				CLANG_ENABLE_OBJC_ARC = YES;
				CLANG_ENABLE_OBJC_WEAK = YES;
				CLANG_WARN_BLOCK_CAPTURE_AUTORELEASING = YES;
				CLANG_WARN_BOOL_CONVERSION = YES;
				CLANG_WARN_COMMA = YES;
				CLANG_WARN_CONSTANT_CONVERSION = YES;
				CLANG_WARN_DEPRECATED_OBJC_IMPLEMENTATIONS = YES;
				CLANG_WARN_DIRECT_OBJC_ISA_USAGE = YES_ERROR;
				CLANG_WARN_DOCUMENTATION_COMMENTS = YES;
				CLANG_WARN_EMPTY_BODY = YES;
				CLANG_WARN_ENUM_CONVERSION = YES;
				CLANG_WARN_INFINITE_RECURSION = YES;
				CLANG_WARN_INT_CONVERSION = YES;
				CLANG_WARN_NON_LITERAL_NULL_CONVERSION = YES;
				CLANG_WARN_OBJC_IMPLICIT_RETAIN_SELF = YES;
				CLANG_WARN_OBJC_LITERAL_CONVERSION = YES;
				CLANG_WARN_OBJC_ROOT_CLASS = YES_ERROR;
				CLANG_WARN_RANGE_LOOP_ANALYSIS = YES;
				CLANG_WARN_STRICT_PROTOTYPES = YES;
				CLANG_WARN_SUSPICIOUS_MOVE = YES;
				CLANG_WARN_UNGUARDED_AVAILABILITY = YES_AGGRESSIVE;
				CLANG_WARN_UNREACHABLE_CODE = YES;
				CLANG_WARN__DUPLICATE_METHOD_MATCH = YES;
				COPY_PHASE_STRIP = NO;
				DEBUG_INFORMATION_FORMAT = "dwarf-with-dsym";
				ENABLE_NS_ASSERTIONS = NO;
				ENABLE_STRICT_OBJC_MSGSEND = YES;
				GCC_C_LANGUAGE_STANDARD = gnu11;
				GCC_NO_COMMON_BLOCKS = YES;
				GCC_WARN_64_TO_32_BIT_CONVERSION = YES;
				GCC_WARN_ABOUT_RETURN_TYPE = YES_ERROR;
				GCC_WARN_UNDECLARED_SELECTOR = YES;
				GCC_WARN_UNINITIALIZED_AUTOS = YES_AGGRESSIVE;
				GCC_WARN_UNUSED_FUNCTION = YES;
				GCC_WARN_UNUSED_VARIABLE = YES;
				MACOSX_DEPLOYMENT_TARGET = 10.15;
				MTL_ENABLE_DEBUG_INFO = NO;
				MTL_FAST_MATH = YES;
				SDKROOT = macosx;
				SWIFT_COMPILATION_MODE = wholemodule;
				SWIFT_OPTIMIZATION_LEVEL = "-O";
			};
			name = Release;
		};
		A225ED0B24A4D40400E352C9 /* Debug */ = {
			isa = XCBuildConfiguration;
			buildSettings = {
				ASSETCATALOG_COMPILER_APPICON_NAME = AppIcon;
				CODE_SIGN_ENTITLEMENTS = Demo/Demo.entitlements;
				CODE_SIGN_STYLE = Automatic;
				COMBINE_HIDPI_IMAGES = YES;
				DEVELOPMENT_TEAM = PR6HV9J6AD;
				ENABLE_HARDENED_RUNTIME = YES;
				INFOPLIST_FILE = Demo/Info.plist;
				LD_RUNPATH_SEARCH_PATHS = (
					"$(inherited)",
					"@executable_path/../Frameworks",
				);
				PRODUCT_BUNDLE_IDENTIFIER = me.avolodin.mtlswift.Demo;
				PRODUCT_NAME = "$(TARGET_NAME)";
				SWIFT_VERSION = 5.0;
			};
			name = Debug;
		};
		A225ED0C24A4D40400E352C9 /* Release */ = {
			isa = XCBuildConfiguration;
			buildSettings = {
				ASSETCATALOG_COMPILER_APPICON_NAME = AppIcon;
				CODE_SIGN_ENTITLEMENTS = Demo/Demo.entitlements;
				CODE_SIGN_STYLE = Automatic;
				COMBINE_HIDPI_IMAGES = YES;
				DEVELOPMENT_TEAM = PR6HV9J6AD;
				ENABLE_HARDENED_RUNTIME = YES;
				INFOPLIST_FILE = Demo/Info.plist;
				LD_RUNPATH_SEARCH_PATHS = (
					"$(inherited)",
					"@executable_path/../Frameworks",
				);
				PRODUCT_BUNDLE_IDENTIFIER = me.avolodin.mtlswift.Demo;
				PRODUCT_NAME = "$(TARGET_NAME)";
				SWIFT_VERSION = 5.0;
			};
			name = Release;
		};
/* End XCBuildConfiguration section */

/* Begin XCConfigurationList section */
		A225ECF524A4D40000E352C9 /* Build configuration list for PBXProject "Demo" */ = {
			isa = XCConfigurationList;
			buildConfigurations = (
				A225ED0824A4D40400E352C9 /* Debug */,
				A225ED0924A4D40400E352C9 /* Release */,
			);
			defaultConfigurationIsVisible = 0;
			defaultConfigurationName = Release;
		};
		A225ED0A24A4D40400E352C9 /* Build configuration list for PBXNativeTarget "Demo" */ = {
			isa = XCConfigurationList;
			buildConfigurations = (
				A225ED0B24A4D40400E352C9 /* Debug */,
				A225ED0C24A4D40400E352C9 /* Release */,
			);
			defaultConfigurationIsVisible = 0;
			defaultConfigurationName = Release;
		};
/* End XCConfigurationList section */

/* Begin XCRemoteSwiftPackageReference section */
		93BAA77F296373FB00815D59 /* XCRemoteSwiftPackageReference "Alloy" */ = {
			isa = XCRemoteSwiftPackageReference;
			repositoryURL = "https://github.com/s1ddok/Alloy";
			requirement = {
				branch = master;
				kind = branch;
			};
		};
/* End XCRemoteSwiftPackageReference section */

/* Begin XCSwiftPackageProductDependency section */
		93BAA780296373FB00815D59 /* Alloy */ = {
			isa = XCSwiftPackageProductDependency;
			package = 93BAA77F296373FB00815D59 /* XCRemoteSwiftPackageReference "Alloy" */;
			productName = Alloy;
		};
/* End XCSwiftPackageProductDependency section */
	};
	rootObject = A225ECF224A4D40000E352C9 /* Project object */;
}
